
Microsoft Visual Studio Solution File, Format Version 12.00
# Visual Studio Version 17
VisualStudioVersion = 17.8.34408.163
MinimumVisualStudioVersion = 10.0.40219.1
Project("{FAE04EC0-301F-11D3-BF4B-00C04F79EFBC}") = "Lab3 self task 1", "Lab3 self task 1\Lab3 self task 1.csproj", "{3FA8CA01-A171-4206-9361-DC859360A72B}"
EndProject
Global
	GlobalSection(SolutionConfigurationPlatforms) = preSolution
		Debug|Any CPU = Debug|Any CPU
		Release|Any CPU = Release|Any CPU
	EndGlobalSection
	GlobalSection(ProjectConfigurationPlatforms) = postSolution
		{3FA8CA01-A171-4206-9361-DC859360A72B}.Debug|Any CPU.ActiveCfg = Debug|Any CPU
		{3FA8CA01-A171-4206-9361-DC859360A72B}.Debug|Any CPU.Build.0 = Debug|Any CPU
		{3FA8CA01-A171-4206-9361-DC859360A72B}.Release|Any CPU.ActiveCfg = Release|Any CPU
		{3FA8CA01-A171-4206-9361-DC859360A72B}.Release|Any CPU.Build.0 = Release|Any CPU
	EndGlobalSection
	GlobalSection(SolutionProperties) = preSolution
		HideSolutionNode = FALSE
	EndGlobalSection
	GlobalSection(ExtensibilityGlobals) = postSolution
		SolutionGuid = {315E5127-8F85-4BCB-B6F2-C12C8AC0A60F}
	EndGlobalSection
EndGlobal
